// !$*UTF8*$!
{
	archiveVersion = 1;
	classes = {
	};
	objectVersion = 46;
	objects = {

/* Begin PBXBuildFile section */
		D6D2FBA3155B3FA20007697B /* Foundation.framework in Frameworks */ = {isa = PBXBuildFile; fileRef = D6D2FBA2155B3FA20007697B /* Foundation.framework */; };
		D6D2FBB1155B3FA30007697B /* SenTestingKit.framework in Frameworks */ = {isa = PBXBuildFile; fileRef = D6D2FBB0155B3FA30007697B /* SenTestingKit.framework */; };
		D6D2FBB3155B3FA30007697B /* UIKit.framework in Frameworks */ = {isa = PBXBuildFile; fileRef = D6D2FBB2155B3FA30007697B /* UIKit.framework */; };
		D6D2FBB4155B3FA30007697B /* Foundation.framework in Frameworks */ = {isa = PBXBuildFile; fileRef = D6D2FBA2155B3FA20007697B /* Foundation.framework */; };
		D6D2FBB7155B3FA30007697B /* libfmdb.a in Frameworks */ = {isa = PBXBuildFile; fileRef = D6D2FB9F155B3FA20007697B /* libfmdb.a */; };
		D6D2FBBD155B3FA30007697B /* InfoPlist.strings in Resources */ = {isa = PBXBuildFile; fileRef = D6D2FBBB155B3FA30007697B /* InfoPlist.strings */; };
		D6D2FBC0155B3FA30007697B /* fmdbTests.m in Sources */ = {isa = PBXBuildFile; fileRef = D6D2FBBF155B3FA30007697B /* fmdbTests.m */; };
		D6D2FBD8155B40210007697B /* FMDatabase.h in Headers */ = {isa = PBXBuildFile; fileRef = D6D2FBCE155B40210007697B /* FMDatabase.h */; };
		D6D2FBD9155B40210007697B /* FMDatabase.m in Sources */ = {isa = PBXBuildFile; fileRef = D6D2FBCF155B40210007697B /* FMDatabase.m */; };
		D6D2FBDA155B40210007697B /* FMDatabaseAdditions.h in Headers */ = {isa = PBXBuildFile; fileRef = D6D2FBD0155B40210007697B /* FMDatabaseAdditions.h */; };
		D6D2FBDB155B40210007697B /* FMDatabaseAdditions.m in Sources */ = {isa = PBXBuildFile; fileRef = D6D2FBD1155B40210007697B /* FMDatabaseAdditions.m */; };
		D6D2FBDC155B40210007697B /* FMDatabasePool.h in Headers */ = {isa = PBXBuildFile; fileRef = D6D2FBD2155B40210007697B /* FMDatabasePool.h */; };
		D6D2FBDD155B40210007697B /* FMDatabasePool.m in Sources */ = {isa = PBXBuildFile; fileRef = D6D2FBD3155B40210007697B /* FMDatabasePool.m */; };
		D6D2FBDE155B40210007697B /* FMDatabaseQueue.h in Headers */ = {isa = PBXBuildFile; fileRef = D6D2FBD4155B40210007697B /* FMDatabaseQueue.h */; };
		D6D2FBDF155B40210007697B /* FMDatabaseQueue.m in Sources */ = {isa = PBXBuildFile; fileRef = D6D2FBD5155B40210007697B /* FMDatabaseQueue.m */; };
		D6D2FBE0155B40210007697B /* FMResultSet.h in Headers */ = {isa = PBXBuildFile; fileRef = D6D2FBD6155B40210007697B /* FMResultSet.h */; };
		D6D2FBE1155B40210007697B /* FMResultSet.m in Sources */ = {isa = PBXBuildFile; fileRef = D6D2FBD7155B40210007697B /* FMResultSet.m */; };
/* End PBXBuildFile section */

/* Begin PBXContainerItemProxy section */
		D6D2FBB5155B3FA30007697B /* PBXContainerItemProxy */ = {
			isa = PBXContainerItemProxy;
			containerPortal = D6D2FB96155B3FA20007697B /* Project object */;
			proxyType = 1;
			remoteGlobalIDString = D6D2FB9E155B3FA20007697B;
			remoteInfo = fmdb;
		};
/* End PBXContainerItemProxy section */

/* Begin PBXFileReference section */
		D6D2FB9F155B3FA20007697B /* libfmdb.a */ = {isa = PBXFileReference; explicitFileType = archive.ar; includeInIndex = 0; path = libfmdb.a; sourceTree = BUILT_PRODUCTS_DIR; };
		D6D2FBA2155B3FA20007697B /* Foundation.framework */ = {isa = PBXFileReference; lastKnownFileType = wrapper.framework; name = Foundation.framework; path = System/Library/Frameworks/Foundation.framework; sourceTree = SDKROOT; };
		D6D2FBA6155B3FA20007697B /* fmdb-Prefix.pch */ = {isa = PBXFileReference; lastKnownFileType = sourcecode.c.h; path = "fmdb-Prefix.pch"; sourceTree = "<group>"; };
		D6D2FBAF155B3FA30007697B /* fmdbTests.octest */ = {isa = PBXFileReference; explicitFileType = wrapper.cfbundle; includeInIndex = 0; path = fmdbTests.octest; sourceTree = BUILT_PRODUCTS_DIR; };
		D6D2FBB0155B3FA30007697B /* SenTestingKit.framework */ = {isa = PBXFileReference; lastKnownFileType = wrapper.framework; name = SenTestingKit.framework; path = Library/Frameworks/SenTestingKit.framework; sourceTree = DEVELOPER_DIR; };
		D6D2FBB2155B3FA30007697B /* UIKit.framework */ = {isa = PBXFileReference; lastKnownFileType = wrapper.framework; name = UIKit.framework; path = Library/Frameworks/UIKit.framework; sourceTree = DEVELOPER_DIR; };
		D6D2FBBA155B3FA30007697B /* fmdbTests-Info.plist */ = {isa = PBXFileReference; lastKnownFileType = text.plist.xml; path = "fmdbTests-Info.plist"; sourceTree = "<group>"; };
		D6D2FBBC155B3FA30007697B /* en */ = {isa = PBXFileReference; lastKnownFileType = text.plist.strings; name = en; path = en.lproj/InfoPlist.strings; sourceTree = "<group>"; };
		D6D2FBBE155B3FA30007697B /* fmdbTests.h */ = {isa = PBXFileReference; lastKnownFileType = sourcecode.c.h; path = fmdbTests.h; sourceTree = "<group>"; };
		D6D2FBBF155B3FA30007697B /* fmdbTests.m */ = {isa = PBXFileReference; lastKnownFileType = sourcecode.c.objc; path = fmdbTests.m; sourceTree = "<group>"; };
		D6D2FBCE155B40210007697B /* FMDatabase.h */ = {isa = PBXFileReference; fileEncoding = 4; lastKnownFileType = sourcecode.c.h; path = FMDatabase.h; sourceTree = "<group>"; };
		D6D2FBCF155B40210007697B /* FMDatabase.m */ = {isa = PBXFileReference; fileEncoding = 4; lastKnownFileType = sourcecode.c.objc; path = FMDatabase.m; sourceTree = "<group>"; };
		D6D2FBD0155B40210007697B /* FMDatabaseAdditions.h */ = {isa = PBXFileReference; fileEncoding = 4; lastKnownFileType = sourcecode.c.h; path = FMDatabaseAdditions.h; sourceTree = "<group>"; };
		D6D2FBD1155B40210007697B /* FMDatabaseAdditions.m */ = {isa = PBXFileReference; fileEncoding = 4; lastKnownFileType = sourcecode.c.objc; path = FMDatabaseAdditions.m; sourceTree = "<group>"; };
		D6D2FBD2155B40210007697B /* FMDatabasePool.h */ = {isa = PBXFileReference; fileEncoding = 4; lastKnownFileType = sourcecode.c.h; path = FMDatabasePool.h; sourceTree = "<group>"; };
		D6D2FBD3155B40210007697B /* FMDatabasePool.m */ = {isa = PBXFileReference; fileEncoding = 4; lastKnownFileType = sourcecode.c.objc; path = FMDatabasePool.m; sourceTree = "<group>"; };
		D6D2FBD4155B40210007697B /* FMDatabaseQueue.h */ = {isa = PBXFileReference; fileEncoding = 4; lastKnownFileType = sourcecode.c.h; path = FMDatabaseQueue.h; sourceTree = "<group>"; };
		D6D2FBD5155B40210007697B /* FMDatabaseQueue.m */ = {isa = PBXFileReference; fileEncoding = 4; lastKnownFileType = sourcecode.c.objc; path = FMDatabaseQueue.m; sourceTree = "<group>"; };
		D6D2FBD6155B40210007697B /* FMResultSet.h */ = {isa = PBXFileReference; fileEncoding = 4; lastKnownFileType = sourcecode.c.h; path = FMResultSet.h; sourceTree = "<group>"; };
		D6D2FBD7155B40210007697B /* FMResultSet.m */ = {isa = PBXFileReference; fileEncoding = 4; lastKnownFileType = sourcecode.c.objc; path = FMResultSet.m; sourceTree = "<group>"; };
/* End PBXFileReference section */

/* Begin PBXFrameworksBuildPhase section */
		D6D2FB9C155B3FA20007697B /* Frameworks */ = {
			isa = PBXFrameworksBuildPhase;
			buildActionMask = 2147483647;
			files = (
				D6D2FBA3155B3FA20007697B /* Foundation.framework in Frameworks */,
			);
			runOnlyForDeploymentPostprocessing = 0;
		};
		D6D2FBAB155B3FA20007697B /* Frameworks */ = {
			isa = PBXFrameworksBuildPhase;
			buildActionMask = 2147483647;
			files = (
				D6D2FBB1155B3FA30007697B /* SenTestingKit.framework in Frameworks */,
				D6D2FBB3155B3FA30007697B /* UIKit.framework in Frameworks */,
				D6D2FBB4155B3FA30007697B /* Foundation.framework in Frameworks */,
				D6D2FBB7155B3FA30007697B /* libfmdb.a in Frameworks */,
			);
			runOnlyForDeploymentPostprocessing = 0;
		};
/* End PBXFrameworksBuildPhase section */

/* Begin PBXGroup section */
		D6D2FB94155B3FA20007697B = {
			isa = PBXGroup;
			children = (
				D6D2FBA4155B3FA20007697B /* fmdb */,
				D6D2FBB8155B3FA30007697B /* fmdbTests */,
				D6D2FBA1155B3FA20007697B /* Frameworks */,
				D6D2FBA0155B3FA20007697B /* Products */,
			);
			sourceTree = "<group>";
		};
		D6D2FBA0155B3FA20007697B /* Products */ = {
			isa = PBXGroup;
			children = (
				D6D2FB9F155B3FA20007697B /* libfmdb.a */,
				D6D2FBAF155B3FA30007697B /* fmdbTests.octest */,
			);
			name = Products;
			sourceTree = "<group>";
		};
		D6D2FBA1155B3FA20007697B /* Frameworks */ = {
			isa = PBXGroup;
			children = (
				D6D2FBA2155B3FA20007697B /* Foundation.framework */,
				D6D2FBB0155B3FA30007697B /* SenTestingKit.framework */,
				D6D2FBB2155B3FA30007697B /* UIKit.framework */,
			);
			name = Frameworks;
			sourceTree = "<group>";
		};
		D6D2FBA4155B3FA20007697B /* fmdb */ = {
			isa = PBXGroup;
			children = (
				D6D2FBE2155B402A0007697B /* Classes */,
				D6D2FBA5155B3FA20007697B /* Supporting Files */,
			);
			path = fmdb;
			sourceTree = "<group>";
		};
		D6D2FBA5155B3FA20007697B /* Supporting Files */ = {
			isa = PBXGroup;
			children = (
				D6D2FBA6155B3FA20007697B /* fmdb-Prefix.pch */,
			);
			name = "Supporting Files";
			sourceTree = "<group>";
		};
		D6D2FBB8155B3FA30007697B /* fmdbTests */ = {
			isa = PBXGroup;
			children = (
				D6D2FBBE155B3FA30007697B /* fmdbTests.h */,
				D6D2FBBF155B3FA30007697B /* fmdbTests.m */,
				D6D2FBB9155B3FA30007697B /* Supporting Files */,
			);
			path = fmdbTests;
			sourceTree = "<group>";
		};
		D6D2FBB9155B3FA30007697B /* Supporting Files */ = {
			isa = PBXGroup;
			children = (
				D6D2FBBA155B3FA30007697B /* fmdbTests-Info.plist */,
				D6D2FBBB155B3FA30007697B /* InfoPlist.strings */,
			);
			name = "Supporting Files";
			sourceTree = "<group>";
		};
		D6D2FBE2155B402A0007697B /* Classes */ = {
			isa = PBXGroup;
			children = (
				D6D2FBCE155B40210007697B /* FMDatabase.h */,
				D6D2FBCF155B40210007697B /* FMDatabase.m */,
				D6D2FBD0155B40210007697B /* FMDatabaseAdditions.h */,
				D6D2FBD1155B40210007697B /* FMDatabaseAdditions.m */,
				D6D2FBD2155B40210007697B /* FMDatabasePool.h */,
				D6D2FBD3155B40210007697B /* FMDatabasePool.m */,
				D6D2FBD4155B40210007697B /* FMDatabaseQueue.h */,
				D6D2FBD5155B40210007697B /* FMDatabaseQueue.m */,
				D6D2FBD6155B40210007697B /* FMResultSet.h */,
				D6D2FBD7155B40210007697B /* FMResultSet.m */,
			);
			name = Classes;
			sourceTree = "<group>";
		};
/* End PBXGroup section */

/* Begin PBXHeadersBuildPhase section */
		D6D2FB9D155B3FA20007697B /* Headers */ = {
			isa = PBXHeadersBuildPhase;
			buildActionMask = 2147483647;
			files = (
				D6D2FBD8155B40210007697B /* FMDatabase.h in Headers */,
				D6D2FBDA155B40210007697B /* FMDatabaseAdditions.h in Headers */,
				D6D2FBDC155B40210007697B /* FMDatabasePool.h in Headers */,
				D6D2FBDE155B40210007697B /* FMDatabaseQueue.h in Headers */,
				D6D2FBE0155B40210007697B /* FMResultSet.h in Headers */,
			);
			runOnlyForDeploymentPostprocessing = 0;
		};
/* End PBXHeadersBuildPhase section */

/* Begin PBXNativeTarget section */
		D6D2FB9E155B3FA20007697B /* fmdb */ = {
			isa = PBXNativeTarget;
			buildConfigurationList = D6D2FBC3155B3FA30007697B /* Build configuration list for PBXNativeTarget "fmdb" */;
			buildPhases = (
				D6D2FB9B155B3FA20007697B /* Sources */,
				D6D2FB9C155B3FA20007697B /* Frameworks */,
				D6D2FB9D155B3FA20007697B /* Headers */,
			);
			buildRules = (
			);
			dependencies = (
			);
			name = fmdb;
			productName = fmdb;
			productReference = D6D2FB9F155B3FA20007697B /* libfmdb.a */;
			productType = "com.apple.product-type.library.static";
		};
		D6D2FBAE155B3FA20007697B /* fmdbTests */ = {
			isa = PBXNativeTarget;
			buildConfigurationList = D6D2FBC6155B3FA30007697B /* Build configuration list for PBXNativeTarget "fmdbTests" */;
			buildPhases = (
				D6D2FBAA155B3FA20007697B /* Sources */,
				D6D2FBAB155B3FA20007697B /* Frameworks */,
				D6D2FBAC155B3FA20007697B /* Resources */,
				D6D2FBAD155B3FA20007697B /* ShellScript */,
			);
			buildRules = (
			);
			dependencies = (
				D6D2FBB6155B3FA30007697B /* PBXTargetDependency */,
			);
			name = fmdbTests;
			productName = fmdbTests;
			productReference = D6D2FBAF155B3FA30007697B /* fmdbTests.octest */;
			productType = "com.apple.product-type.bundle";
		};
/* End PBXNativeTarget section */

/* Begin PBXProject section */
		D6D2FB96155B3FA20007697B /* Project object */ = {
			isa = PBXProject;
			attributes = {
				LastUpgradeCheck = 0430;
			};
			buildConfigurationList = D6D2FB99155B3FA20007697B /* Build configuration list for PBXProject "fmdb" */;
			compatibilityVersion = "Xcode 3.2";
			developmentRegion = English;
			hasScannedForEncodings = 0;
			knownRegions = (
				en,
			);
			mainGroup = D6D2FB94155B3FA20007697B;
			productRefGroup = D6D2FBA0155B3FA20007697B /* Products */;
			projectDirPath = "";
			projectRoot = "";
			targets = (
				D6D2FB9E155B3FA20007697B /* fmdb */,
				D6D2FBAE155B3FA20007697B /* fmdbTests */,
			);
		};
/* End PBXProject section */

/* Begin PBXResourcesBuildPhase section */
		D6D2FBAC155B3FA20007697B /* Resources */ = {
			isa = PBXResourcesBuildPhase;
			buildActionMask = 2147483647;
			files = (
				D6D2FBBD155B3FA30007697B /* InfoPlist.strings in Resources */,
			);
			runOnlyForDeploymentPostprocessing = 0;
		};
/* End PBXResourcesBuildPhase section */

/* Begin PBXShellScriptBuildPhase section */
		D6D2FBAD155B3FA20007697B /* ShellScript */ = {
			isa = PBXShellScriptBuildPhase;
			buildActionMask = 2147483647;
			files = (
			);
			inputPaths = (
			);
			outputPaths = (
			);
			runOnlyForDeploymentPostprocessing = 0;
			shellPath = /bin/sh;
			shellScript = "# Run the unit tests in this test bundle.\n\"${SYSTEM_DEVELOPER_DIR}/Tools/RunUnitTests\"\n";
		};
/* End PBXShellScriptBuildPhase section */

/* Begin PBXSourcesBuildPhase section */
		D6D2FB9B155B3FA20007697B /* Sources */ = {
			isa = PBXSourcesBuildPhase;
			buildActionMask = 2147483647;
			files = (
				D6D2FBD9155B40210007697B /* FMDatabase.m in Sources */,
				D6D2FBDB155B40210007697B /* FMDatabaseAdditions.m in Sources */,
				D6D2FBDD155B40210007697B /* FMDatabasePool.m in Sources */,
				D6D2FBDF155B40210007697B /* FMDatabaseQueue.m in Sources */,
				D6D2FBE1155B40210007697B /* FMResultSet.m in Sources */,
			);
			runOnlyForDeploymentPostprocessing = 0;
		};
		D6D2FBAA155B3FA20007697B /* Sources */ = {
			isa = PBXSourcesBuildPhase;
			buildActionMask = 2147483647;
			files = (
				D6D2FBC0155B3FA30007697B /* fmdbTests.m in Sources */,
			);
			runOnlyForDeploymentPostprocessing = 0;
		};
/* End PBXSourcesBuildPhase section */

/* Begin PBXTargetDependency section */
		D6D2FBB6155B3FA30007697B /* PBXTargetDependency */ = {
			isa = PBXTargetDependency;
			target = D6D2FB9E155B3FA20007697B /* fmdb */;
			targetProxy = D6D2FBB5155B3FA30007697B /* PBXContainerItemProxy */;
		};
/* End PBXTargetDependency section */

/* Begin PBXVariantGroup section */
		D6D2FBBB155B3FA30007697B /* InfoPlist.strings */ = {
			isa = PBXVariantGroup;
			children = (
				D6D2FBBC155B3FA30007697B /* en */,
			);
			name = InfoPlist.strings;
			sourceTree = "<group>";
		};
/* End PBXVariantGroup section */

/* Begin XCBuildConfiguration section */
		D6D2FBC1155B3FA30007697B /* Debug */ = {
			isa = XCBuildConfiguration;
			buildSettings = {
				ALWAYS_SEARCH_USER_PATHS = NO;
				ARCHS = "$(ARCHS_STANDARD_32_BIT)";
				CLANG_ENABLE_OBJC_ARC = YES;
				COPY_PHASE_STRIP = NO;
				GCC_C_LANGUAGE_STANDARD = gnu99;
				GCC_DYNAMIC_NO_PIC = NO;
				GCC_OPTIMIZATION_LEVEL = 0;
				GCC_PREPROCESSOR_DEFINITIONS = (
					"DEBUG=1",
					"$(inherited)",
				);
				GCC_SYMBOLS_PRIVATE_EXTERN = NO;
				GCC_VERSION = com.apple.compilers.llvm.clang.1_0;
				GCC_WARN_ABOUT_RETURN_TYPE = YES;
				GCC_WARN_UNINITIALIZED_AUTOS = YES;
				GCC_WARN_UNUSED_VARIABLE = YES;
				IPHONEOS_DEPLOYMENT_TARGET = 5.1;
				SDKROOT = iphoneos;
			};
			name = Debug;
		};
		D6D2FBC2155B3FA30007697B /* Release */ = {
			isa = XCBuildConfiguration;
			buildSettings = {
				ALWAYS_SEARCH_USER_PATHS = NO;
				ARCHS = "$(ARCHS_STANDARD_32_BIT)";
				CLANG_ENABLE_OBJC_ARC = YES;
				COPY_PHASE_STRIP = YES;
				GCC_C_LANGUAGE_STANDARD = gnu99;
				GCC_VERSION = com.apple.compilers.llvm.clang.1_0;
				GCC_WARN_ABOUT_RETURN_TYPE = YES;
				GCC_WARN_UNINITIALIZED_AUTOS = YES;
				GCC_WARN_UNUSED_VARIABLE = YES;
				IPHONEOS_DEPLOYMENT_TARGET = 5.1;
				SDKROOT = iphoneos;
				VALIDATE_PRODUCT = YES;
			};
			name = Release;
		};
		D6D2FBC4155B3FA30007697B /* Debug */ = {
			isa = XCBuildConfiguration;
			buildSettings = {
				DSTROOT = /tmp/fmdb.dst;
				GCC_PRECOMPILE_PREFIX_HEADER = YES;
				GCC_PREFIX_HEADER = "fmdb/fmdb-Prefix.pch";
				IPHONEOS_DEPLOYMENT_TARGET = 5.0;
				OTHER_LDFLAGS = "-ObjC";
				PRODUCT_NAME = "$(TARGET_NAME)";
				SKIP_INSTALL = YES;
			};
			name = Debug;
		};
		D6D2FBC5155B3FA30007697B /* Release */ = {
			isa = XCBuildConfiguration;
			buildSettings = {
				DSTROOT = /tmp/fmdb.dst;
				GCC_PRECOMPILE_PREFIX_HEADER = YES;
				GCC_PREFIX_HEADER = "fmdb/fmdb-Prefix.pch";
				IPHONEOS_DEPLOYMENT_TARGET = 5.0;
				OTHER_LDFLAGS = "-ObjC";
				PRODUCT_NAME = "$(TARGET_NAME)";
				SKIP_INSTALL = YES;
			};
			name = Release;
		};
		D6D2FBC7155B3FA30007697B /* Debug */ = {
			isa = XCBuildConfiguration;
			buildSettings = {
				FRAMEWORK_SEARCH_PATHS = (
					"$(SDKROOT)/Developer/Library/Frameworks",
					"$(DEVELOPER_LIBRARY_DIR)/Frameworks",
				);
				GCC_PRECOMPILE_PREFIX_HEADER = YES;
				GCC_PREFIX_HEADER = "fmdb/fmdb-Prefix.pch";
				INFOPLIST_FILE = "fmdbTests/fmdbTests-Info.plist";
				PRODUCT_NAME = "$(TARGET_NAME)";
				WRAPPER_EXTENSION = octest;
			};
			name = Debug;
		};
		D6D2FBC8155B3FA30007697B /* Release */ = {
			isa = XCBuildConfiguration;
			buildSettings = {
				FRAMEWORK_SEARCH_PATHS = (
					"$(SDKROOT)/Developer/Library/Frameworks",
					"$(DEVELOPER_LIBRARY_DIR)/Frameworks",
				);
				GCC_PRECOMPILE_PREFIX_HEADER = YES;
				GCC_PREFIX_HEADER = "fmdb/fmdb-Prefix.pch";
				INFOPLIST_FILE = "fmdbTests/fmdbTests-Info.plist";
				PRODUCT_NAME = "$(TARGET_NAME)";
				WRAPPER_EXTENSION = octest;
			};
			name = Release;
		};
/* End XCBuildConfiguration section */

/* Begin XCConfigurationList section */
		D6D2FB99155B3FA20007697B /* Build configuration list for PBXProject "fmdb" */ = {
			isa = XCConfigurationList;
			buildConfigurations = (
				D6D2FBC1155B3FA30007697B /* Debug */,
				D6D2FBC2155B3FA30007697B /* Release */,
			);
			defaultConfigurationIsVisible = 0;
			defaultConfigurationName = Release;
		};
		D6D2FBC3155B3FA30007697B /* Build configuration list for PBXNativeTarget "fmdb" */ = {
			isa = XCConfigurationList;
			buildConfigurations = (
				D6D2FBC4155B3FA30007697B /* Debug */,
				D6D2FBC5155B3FA30007697B /* Release */,
			);
			defaultConfigurationIsVisible = 0;
			defaultConfigurationName = Release;
		};
		D6D2FBC6155B3FA30007697B /* Build configuration list for PBXNativeTarget "fmdbTests" */ = {
			isa = XCConfigurationList;
			buildConfigurations = (
				D6D2FBC7155B3FA30007697B /* Debug */,
				D6D2FBC8155B3FA30007697B /* Release */,
			);
			defaultConfigurationIsVisible = 0;
			defaultConfigurationName = Release;
		};
/* End XCConfigurationList section */
	};
	rootObject = D6D2FB96155B3FA20007697B /* Project object */;
}
